
Microsoft Visual Studio Solution File, Format Version 12.00
# Visual Studio Version 16
VisualStudioVersion = 16.0.30204.135
MinimumVisualStudioVersion = 10.0.40219.1
Project("{FAE04EC0-301F-11D3-BF4B-00C04F79EFBC}") = "LinkedList_2", "LinkedList_2\LinkedList_2.csproj", "{3DA7260F-2B74-4A4C-84C1-D9CCA67F55CD}"
EndProject
Global
	GlobalSection(SolutionConfigurationPlatforms) = preSolution
		Debug|Any CPU = Debug|Any CPU
		Release|Any CPU = Release|Any CPU
	EndGlobalSection
	GlobalSection(ProjectConfigurationPlatforms) = postSolution
		{3DA7260F-2B74-4A4C-84C1-D9CCA67F55CD}.Debug|Any CPU.ActiveCfg = Debug|Any CPU
		{3DA7260F-2B74-4A4C-84C1-D9CCA67F55CD}.Debug|Any CPU.Build.0 = Debug|Any CPU
		{3DA7260F-2B74-4A4C-84C1-D9CCA67F55CD}.Release|Any CPU.ActiveCfg = Release|Any CPU
		{3DA7260F-2B74-4A4C-84C1-D9CCA67F55CD}.Release|Any CPU.Build.0 = Release|Any CPU
	EndGlobalSection
	GlobalSection(SolutionProperties) = preSolution
		HideSolutionNode = FALSE
	EndGlobalSection
	GlobalSection(ExtensibilityGlobals) = postSolution
		SolutionGuid = {0C91C012-9884-42C9-8A09-AFB0BFF1F7B3}
	EndGlobalSection
EndGlobal
